
Microsoft Visual Studio Solution File, Format Version 12.00
# Visual Studio Version 17
VisualStudioVersion = 17.8.34511.84
MinimumVisualStudioVersion = 10.0.40219.1
Project("{FAE04EC0-301F-11D3-BF4B-00C04F79EFBC}") = "JOGO_MEMORIA", "JOGO_MEMORIA\JOGO_MEMORIA.csproj", "{952FBA81-6F47-438E-A557-EA6F68427718}"
EndProject
Global
	GlobalSection(SolutionConfigurationPlatforms) = preSolution
		Debug|Any CPU = Debug|Any CPU
		Release|Any CPU = Release|Any CPU
	EndGlobalSection
	GlobalSection(ProjectConfigurationPlatforms) = postSolution
		{952FBA81-6F47-438E-A557-EA6F68427718}.Debug|Any CPU.ActiveCfg = Debug|Any CPU
		{952FBA81-6F47-438E-A557-EA6F68427718}.Debug|Any CPU.Build.0 = Debug|Any CPU
		{952FBA81-6F47-438E-A557-EA6F68427718}.Release|Any CPU.ActiveCfg = Release|Any CPU
		{952FBA81-6F47-438E-A557-EA6F68427718}.Release|Any CPU.Build.0 = Release|Any CPU
	EndGlobalSection
	GlobalSection(SolutionProperties) = preSolution
		HideSolutionNode = FALSE
	EndGlobalSection
	GlobalSection(ExtensibilityGlobals) = postSolution
		SolutionGuid = {A967EDE4-0FFB-49AA-8A3B-CCA6EE37A537}
	EndGlobalSection
EndGlobal
